// !$*UTF8*$!
{
	archiveVersion = 1;
	classes = {
	};
	objectVersion = 56;
	objects = {

/* Begin PBXBuildFile section */
		8506BC852B1DFCCA0058D1D4 /* ShowStyle.swift in Sources */ = {isa = PBXBuildFile; fileRef = 8506BC842B1DFCCA0058D1D4 /* ShowStyle.swift */; };
		8506BC932B1E2B100058D1D4 /* AuthCoordinator.swift in Sources */ = {isa = PBXBuildFile; fileRef = 8506BC922B1E2B100058D1D4 /* AuthCoordinator.swift */; };
		8506BC952B1E2BA40058D1D4 /* AppCoordinator.swift in Sources */ = {isa = PBXBuildFile; fileRef = 8506BC942B1E2BA40058D1D4 /* AppCoordinator.swift */; };
		8506BC972B1E2BD20058D1D4 /* MainCoordinator.swift in Sources */ = {isa = PBXBuildFile; fileRef = 8506BC962B1E2BD20058D1D4 /* MainCoordinator.swift */; };
		8506BC992B1E2C520058D1D4 /* RegisterViewController.swift in Sources */ = {isa = PBXBuildFile; fileRef = 8506BC982B1E2C520058D1D4 /* RegisterViewController.swift */; };
		852562462AF8C6B500D6AC9D /* AppDelegate.swift in Sources */ = {isa = PBXBuildFile; fileRef = 852562452AF8C6B500D6AC9D /* AppDelegate.swift */; };
		852562482AF8C6B500D6AC9D /* SceneDelegate.swift in Sources */ = {isa = PBXBuildFile; fileRef = 852562472AF8C6B500D6AC9D /* SceneDelegate.swift */; };
		8525624A2AF8C6B500D6AC9D /* MapViewController.swift in Sources */ = {isa = PBXBuildFile; fileRef = 852562492AF8C6B500D6AC9D /* MapViewController.swift */; };
		8525624D2AF8C6B500D6AC9D /* Main.storyboard in Resources */ = {isa = PBXBuildFile; fileRef = 8525624B2AF8C6B500D6AC9D /* Main.storyboard */; };
		8525624F2AF8C6B600D6AC9D /* Assets.xcassets in Resources */ = {isa = PBXBuildFile; fileRef = 8525624E2AF8C6B600D6AC9D /* Assets.xcassets */; };
		852562522AF8C6B600D6AC9D /* LaunchScreen.storyboard in Resources */ = {isa = PBXBuildFile; fileRef = 852562502AF8C6B600D6AC9D /* LaunchScreen.storyboard */; };
		8526F9C02B06869B00F1431F /* MapStyleJSON.swift in Sources */ = {isa = PBXBuildFile; fileRef = 8526F9BF2B06869B00F1431F /* MapStyleJSON.swift */; };
		854254122B1A06D100E21D4E /* MainViewController.swift in Sources */ = {isa = PBXBuildFile; fileRef = 854254112B1A06D100E21D4E /* MainViewController.swift */; };
		85691AED2B19E5B7006D5148 /* Auth.storyboard in Resources */ = {isa = PBXBuildFile; fileRef = 85691AEC2B19E5B7006D5148 /* Auth.storyboard */; };
		85691AEF2B19E626006D5148 /* ForgotPasswordViewController.swift in Sources */ = {isa = PBXBuildFile; fileRef = 85691AEE2B19E626006D5148 /* ForgotPasswordViewController.swift */; };
		858A59932B204FC2001643C7 /* User.swift in Sources */ = {isa = PBXBuildFile; fileRef = 858A59922B204FC2001643C7 /* User.swift */; };
		858A59952B205015001643C7 /* UserRealmObject.swift in Sources */ = {isa = PBXBuildFile; fileRef = 858A59942B205015001643C7 /* UserRealmObject.swift */; };
		858A59972B205081001643C7 /* DataBaseAuthProtocol.swift in Sources */ = {isa = PBXBuildFile; fileRef = 858A59962B205081001643C7 /* DataBaseAuthProtocol.swift */; };
		85A27A6A2B0F7C000066DA0F /* DataBaseLocationProtocol.swift in Sources */ = {isa = PBXBuildFile; fileRef = 85A27A692B0F7C000066DA0F /* DataBaseLocationProtocol.swift */; };
		85A27A6D2B0F7C630066DA0F /* LocationRealmObject.swift in Sources */ = {isa = PBXBuildFile; fileRef = 85A27A6C2B0F7C630066DA0F /* LocationRealmObject.swift */; };
		85A27A6F2B0F7C950066DA0F /* PathRealmObject.swift in Sources */ = {isa = PBXBuildFile; fileRef = 85A27A6E2B0F7C950066DA0F /* PathRealmObject.swift */; };
		85A27A712B0F7CE80066DA0F /* RealmServise.swift in Sources */ = {isa = PBXBuildFile; fileRef = 85A27A702B0F7CE80066DA0F /* RealmServise.swift */; };
		85A27A732B0F7F480066DA0F /* RealmError.swift in Sources */ = {isa = PBXBuildFile; fileRef = 85A27A722B0F7F480066DA0F /* RealmError.swift */; };
		85ADCD082B1A31830012B284 /* BaseCoordinator.swift in Sources */ = {isa = PBXBuildFile; fileRef = 85ADCD072B1A31830012B284 /* BaseCoordinator.swift */; };
		85ADCD0A2B1A31B60012B284 /* BaseRouter.swift in Sources */ = {isa = PBXBuildFile; fileRef = 85ADCD092B1A31B60012B284 /* BaseRouter.swift */; };
		85ADCD0C2B1A31E40012B284 /* StoryboardIdentifiable.swift in Sources */ = {isa = PBXBuildFile; fileRef = 85ADCD0B2B1A31E40012B284 /* StoryboardIdentifiable.swift */; };
		85ADCD0E2B1A31F90012B284 /* ExtensionUIStoryboard.swift in Sources */ = {isa = PBXBuildFile; fileRef = 85ADCD0D2B1A31F90012B284 /* ExtensionUIStoryboard.swift */; };
		85ADCD102B1A32310012B284 /* ExtensionUIWindow.swift in Sources */ = {isa = PBXBuildFile; fileRef = 85ADCD0F2B1A32310012B284 /* ExtensionUIWindow.swift */; };
		85ADCD122B1A32720012B284 /* AuthRouter.swift in Sources */ = {isa = PBXBuildFile; fileRef = 85ADCD112B1A32720012B284 /* AuthRouter.swift */; };
		85ADCD152B1A33120012B284 /* UserManager.swift in Sources */ = {isa = PBXBuildFile; fileRef = 85ADCD142B1A33120012B284 /* UserManager.swift */; };
		85FC671E2B0B8E3500775011 /* LoginViewController.swift in Sources */ = {isa = PBXBuildFile; fileRef = 85FC671D2B0B8E3500775011 /* LoginViewController.swift */; };
		EFB4EB9D14911DF2E76FAB69 /* Pods_Google_Map_Storyboard.framework in Frameworks */ = {isa = PBXBuildFile; fileRef = 3CA3DCFA99620C17C4C2D4C1 /* Pods_Google_Map_Storyboard.framework */; };
/* End PBXBuildFile section */

/* Begin PBXFileReference section */
		033E9B750FC1C6FA43334C1A /* Pods-Google_Map_Storyboard.release.xcconfig */ = {isa = PBXFileReference; includeInIndex = 1; lastKnownFileType = text.xcconfig; name = "Pods-Google_Map_Storyboard.release.xcconfig"; path = "Target Support Files/Pods-Google_Map_Storyboard/Pods-Google_Map_Storyboard.release.xcconfig"; sourceTree = "<group>"; };
		3CA3DCFA99620C17C4C2D4C1 /* Pods_Google_Map_Storyboard.framework */ = {isa = PBXFileReference; explicitFileType = wrapper.framework; includeInIndex = 0; path = Pods_Google_Map_Storyboard.framework; sourceTree = BUILT_PRODUCTS_DIR; };
		8506BC842B1DFCCA0058D1D4 /* ShowStyle.swift */ = {isa = PBXFileReference; lastKnownFileType = sourcecode.swift; path = ShowStyle.swift; sourceTree = "<group>"; };
		8506BC922B1E2B100058D1D4 /* AuthCoordinator.swift */ = {isa = PBXFileReference; lastKnownFileType = sourcecode.swift; path = AuthCoordinator.swift; sourceTree = "<group>"; };
		8506BC942B1E2BA40058D1D4 /* AppCoordinator.swift */ = {isa = PBXFileReference; lastKnownFileType = sourcecode.swift; path = AppCoordinator.swift; sourceTree = "<group>"; };
		8506BC962B1E2BD20058D1D4 /* MainCoordinator.swift */ = {isa = PBXFileReference; lastKnownFileType = sourcecode.swift; path = MainCoordinator.swift; sourceTree = "<group>"; };
		8506BC982B1E2C520058D1D4 /* RegisterViewController.swift */ = {isa = PBXFileReference; lastKnownFileType = sourcecode.swift; path = RegisterViewController.swift; sourceTree = "<group>"; };
		852562422AF8C6B500D6AC9D /* Google_Map_Storyboard.app */ = {isa = PBXFileReference; explicitFileType = wrapper.application; includeInIndex = 0; path = Google_Map_Storyboard.app; sourceTree = BUILT_PRODUCTS_DIR; };
		852562452AF8C6B500D6AC9D /* AppDelegate.swift */ = {isa = PBXFileReference; lastKnownFileType = sourcecode.swift; path = AppDelegate.swift; sourceTree = "<group>"; };
		852562472AF8C6B500D6AC9D /* SceneDelegate.swift */ = {isa = PBXFileReference; lastKnownFileType = sourcecode.swift; path = SceneDelegate.swift; sourceTree = "<group>"; };
		852562492AF8C6B500D6AC9D /* MapViewController.swift */ = {isa = PBXFileReference; lastKnownFileType = sourcecode.swift; path = MapViewController.swift; sourceTree = "<group>"; };
		8525624C2AF8C6B500D6AC9D /* Base */ = {isa = PBXFileReference; lastKnownFileType = file.storyboard; name = Base; path = Base.lproj/Main.storyboard; sourceTree = "<group>"; };
		8525624E2AF8C6B600D6AC9D /* Assets.xcassets */ = {isa = PBXFileReference; lastKnownFileType = folder.assetcatalog; path = Assets.xcassets; sourceTree = "<group>"; };
		852562512AF8C6B600D6AC9D /* Base */ = {isa = PBXFileReference; lastKnownFileType = file.storyboard; name = Base; path = Base.lproj/LaunchScreen.storyboard; sourceTree = "<group>"; };
		852562532AF8C6B600D6AC9D /* Info.plist */ = {isa = PBXFileReference; lastKnownFileType = text.plist.xml; path = Info.plist; sourceTree = "<group>"; };
		8526F9BF2B06869B00F1431F /* MapStyleJSON.swift */ = {isa = PBXFileReference; lastKnownFileType = sourcecode.swift; path = MapStyleJSON.swift; sourceTree = "<group>"; };
		854254112B1A06D100E21D4E /* MainViewController.swift */ = {isa = PBXFileReference; lastKnownFileType = sourcecode.swift; path = MainViewController.swift; sourceTree = "<group>"; };
		85691AEC2B19E5B7006D5148 /* Auth.storyboard */ = {isa = PBXFileReference; lastKnownFileType = file.storyboard; path = Auth.storyboard; sourceTree = "<group>"; };
		85691AEE2B19E626006D5148 /* ForgotPasswordViewController.swift */ = {isa = PBXFileReference; lastKnownFileType = sourcecode.swift; path = ForgotPasswordViewController.swift; sourceTree = "<group>"; };
		858A59922B204FC2001643C7 /* User.swift */ = {isa = PBXFileReference; lastKnownFileType = sourcecode.swift; path = User.swift; sourceTree = "<group>"; };
		858A59942B205015001643C7 /* UserRealmObject.swift */ = {isa = PBXFileReference; lastKnownFileType = sourcecode.swift; path = UserRealmObject.swift; sourceTree = "<group>"; };
		858A59962B205081001643C7 /* DataBaseAuthProtocol.swift */ = {isa = PBXFileReference; lastKnownFileType = sourcecode.swift; path = DataBaseAuthProtocol.swift; sourceTree = "<group>"; };
		85A27A692B0F7C000066DA0F /* DataBaseLocationProtocol.swift */ = {isa = PBXFileReference; lastKnownFileType = sourcecode.swift; path = DataBaseLocationProtocol.swift; sourceTree = "<group>"; };
		85A27A6C2B0F7C630066DA0F /* LocationRealmObject.swift */ = {isa = PBXFileReference; lastKnownFileType = sourcecode.swift; path = LocationRealmObject.swift; sourceTree = "<group>"; };
		85A27A6E2B0F7C950066DA0F /* PathRealmObject.swift */ = {isa = PBXFileReference; lastKnownFileType = sourcecode.swift; path = PathRealmObject.swift; sourceTree = "<group>"; };
		85A27A702B0F7CE80066DA0F /* RealmServise.swift */ = {isa = PBXFileReference; lastKnownFileType = sourcecode.swift; path = RealmServise.swift; sourceTree = "<group>"; };
		85A27A722B0F7F480066DA0F /* RealmError.swift */ = {isa = PBXFileReference; lastKnownFileType = sourcecode.swift; path = RealmError.swift; sourceTree = "<group>"; };
		85ADCD072B1A31830012B284 /* BaseCoordinator.swift */ = {isa = PBXFileReference; lastKnownFileType = sourcecode.swift; path = BaseCoordinator.swift; sourceTree = "<group>"; };
		85ADCD092B1A31B60012B284 /* BaseRouter.swift */ = {isa = PBXFileReference; lastKnownFileType = sourcecode.swift; path = BaseRouter.swift; sourceTree = "<group>"; };
		85ADCD0B2B1A31E40012B284 /* StoryboardIdentifiable.swift */ = {isa = PBXFileReference; lastKnownFileType = sourcecode.swift; path = StoryboardIdentifiable.swift; sourceTree = "<group>"; };
		85ADCD0D2B1A31F90012B284 /* ExtensionUIStoryboard.swift */ = {isa = PBXFileReference; lastKnownFileType = sourcecode.swift; path = ExtensionUIStoryboard.swift; sourceTree = "<group>"; };
		85ADCD0F2B1A32310012B284 /* ExtensionUIWindow.swift */ = {isa = PBXFileReference; lastKnownFileType = sourcecode.swift; path = ExtensionUIWindow.swift; sourceTree = "<group>"; };
		85ADCD112B1A32720012B284 /* AuthRouter.swift */ = {isa = PBXFileReference; lastKnownFileType = sourcecode.swift; path = AuthRouter.swift; sourceTree = "<group>"; };
		85ADCD142B1A33120012B284 /* UserManager.swift */ = {isa = PBXFileReference; lastKnownFileType = sourcecode.swift; path = UserManager.swift; sourceTree = "<group>"; };
		85FC671D2B0B8E3500775011 /* LoginViewController.swift */ = {isa = PBXFileReference; lastKnownFileType = sourcecode.swift; path = LoginViewController.swift; sourceTree = "<group>"; };
		8E1AF28A53AE24878B1537DC /* Pods-Google_Map_Storyboard.debug.xcconfig */ = {isa = PBXFileReference; includeInIndex = 1; lastKnownFileType = text.xcconfig; name = "Pods-Google_Map_Storyboard.debug.xcconfig"; path = "Target Support Files/Pods-Google_Map_Storyboard/Pods-Google_Map_Storyboard.debug.xcconfig"; sourceTree = "<group>"; };
/* End PBXFileReference section */

/* Begin PBXFrameworksBuildPhase section */
		8525623F2AF8C6B500D6AC9D /* Frameworks */ = {
			isa = PBXFrameworksBuildPhase;
			buildActionMask = 2147483647;
			files = (
				EFB4EB9D14911DF2E76FAB69 /* Pods_Google_Map_Storyboard.framework in Frameworks */,
			);
			runOnlyForDeploymentPostprocessing = 0;
		};
/* End PBXFrameworksBuildPhase section */

/* Begin PBXGroup section */
		55563303BD089EDCDD483C6F /* Frameworks */ = {
			isa = PBXGroup;
			children = (
				3CA3DCFA99620C17C4C2D4C1 /* Pods_Google_Map_Storyboard.framework */,
			);
			name = Frameworks;
			sourceTree = "<group>";
		};
		8506BC832B1DFCBE0058D1D4 /* Routers */ = {
			isa = PBXGroup;
			children = (
				85ADCD112B1A32720012B284 /* AuthRouter.swift */,
				85ADCD092B1A31B60012B284 /* BaseRouter.swift */,
			);
			path = Routers;
			sourceTree = "<group>";
		};
		850F515F2B0F5CCA0091405E /* Main */ = {
			isa = PBXGroup;
			children = (
				8506BC962B1E2BD20058D1D4 /* MainCoordinator.swift */,
				8525624B2AF8C6B500D6AC9D /* Main.storyboard */,
				852562492AF8C6B500D6AC9D /* MapViewController.swift */,
				854254112B1A06D100E21D4E /* MainViewController.swift */,
			);
			path = Main;
			sourceTree = "<group>";
		};
		850F51602B0F5CF30091405E /* Core */ = {
			isa = PBXGroup;
			children = (
				858A59A22B2052D2001643C7 /* Coordinators */,
				858A59912B204D0C001643C7 /* Storyboard */,
				8506BC832B1DFCBE0058D1D4 /* Routers */,
				8526F9BF2B06869B00F1431F /* MapStyleJSON.swift */,
				85ADCD0F2B1A32310012B284 /* ExtensionUIWindow.swift */,
				8506BC842B1DFCCA0058D1D4 /* ShowStyle.swift */,
			);
			path = Core;
			sourceTree = "<group>";
		};
		850F51622B0F5DAE0091405E /* App */ = {
			isa = PBXGroup;
			children = (
				852562452AF8C6B500D6AC9D /* AppDelegate.swift */,
				852562472AF8C6B500D6AC9D /* SceneDelegate.swift */,
				850F51682B0F5E6F0091405E /* BusinessLogic */,
				850F51632B0F5DE60091405E /* Flows */,
			);
			path = App;
			sourceTree = "<group>";
		};
		850F51632B0F5DE60091405E /* Flows */ = {
			isa = PBXGroup;
			children = (
				85ADCD132B1A33080012B284 /* User */,
				85691AEB2B19E4CE006D5148 /* Auth */,
				850F515F2B0F5CCA0091405E /* Main */,
			);
			path = Flows;
			sourceTree = "<group>";
		};
		850F51652B0F5E180091405E /* Resources */ = {
			isa = PBXGroup;
			children = (
				8525624E2AF8C6B600D6AC9D /* Assets.xcassets */,
				852562532AF8C6B600D6AC9D /* Info.plist */,
				852562502AF8C6B600D6AC9D /* LaunchScreen.storyboard */,
			);
			path = Resources;
			sourceTree = "<group>";
		};
		850F51682B0F5E6F0091405E /* BusinessLogic */ = {
			isa = PBXGroup;
			children = (
				85A27A6B2B0F7C290066DA0F /* Realm */,
			);
			path = BusinessLogic;
			sourceTree = "<group>";
		};
		852562392AF8C6B500D6AC9D = {
			isa = PBXGroup;
			children = (
				852562442AF8C6B500D6AC9D /* Google_Map_Storyboard */,
				852562432AF8C6B500D6AC9D /* Products */,
				E74147FE1644E5C80FD771C0 /* Pods */,
				55563303BD089EDCDD483C6F /* Frameworks */,
			);
			sourceTree = "<group>";
		};
		852562432AF8C6B500D6AC9D /* Products */ = {
			isa = PBXGroup;
			children = (
				852562422AF8C6B500D6AC9D /* Google_Map_Storyboard.app */,
			);
			name = Products;
			sourceTree = "<group>";
		};
		852562442AF8C6B500D6AC9D /* Google_Map_Storyboard */ = {
			isa = PBXGroup;
			children = (
				850F51622B0F5DAE0091405E /* App */,
				850F51602B0F5CF30091405E /* Core */,
				850F51652B0F5E180091405E /* Resources */,
			);
			path = Google_Map_Storyboard;
			sourceTree = "<group>";
		};
		85691AEB2B19E4CE006D5148 /* Auth */ = {
			isa = PBXGroup;
			children = (
				8506BC922B1E2B100058D1D4 /* AuthCoordinator.swift */,
				85691AEC2B19E5B7006D5148 /* Auth.storyboard */,
				85FC671D2B0B8E3500775011 /* LoginViewController.swift */,
				85691AEE2B19E626006D5148 /* ForgotPasswordViewController.swift */,
				8506BC982B1E2C520058D1D4 /* RegisterViewController.swift */,
			);
			path = Auth;
			sourceTree = "<group>";
		};
		858A59912B204D0C001643C7 /* Storyboard */ = {
			isa = PBXGroup;
			children = (
				85ADCD0B2B1A31E40012B284 /* StoryboardIdentifiable.swift */,
				85ADCD0D2B1A31F90012B284 /* ExtensionUIStoryboard.swift */,
			);
			path = Storyboard;
			sourceTree = "<group>";
		};
		858A59982B205092001643C7 /* Protocols */ = {
			isa = PBXGroup;
			children = (
				858A59962B205081001643C7 /* DataBaseAuthProtocol.swift */,
				85A27A692B0F7C000066DA0F /* DataBaseLocationProtocol.swift */,
			);
			path = Protocols;
			sourceTree = "<group>";
		};
		858A59992B2050A0001643C7 /* Objects */ = {
			isa = PBXGroup;
			children = (
				858A59942B205015001643C7 /* UserRealmObject.swift */,
				85A27A6C2B0F7C630066DA0F /* LocationRealmObject.swift */,
				85A27A6E2B0F7C950066DA0F /* PathRealmObject.swift */,
			);
			path = Objects;
			sourceTree = "<group>";
		};
		858A59A22B2052D2001643C7 /* Coordinators */ = {
			isa = PBXGroup;
			children = (
				8506BC942B1E2BA40058D1D4 /* AppCoordinator.swift */,
				85ADCD072B1A31830012B284 /* BaseCoordinator.swift */,
			);
			path = Coordinators;
			sourceTree = "<group>";
		};
		85A27A6B2B0F7C290066DA0F /* Realm */ = {
			isa = PBXGroup;
			children = (
				85A27A722B0F7F480066DA0F /* RealmError.swift */,
				85A27A702B0F7CE80066DA0F /* RealmServise.swift */,
				858A59992B2050A0001643C7 /* Objects */,
				858A59982B205092001643C7 /* Protocols */,
			);
			path = Realm;
			sourceTree = "<group>";
		};
		85ADCD132B1A33080012B284 /* User */ = {
			isa = PBXGroup;
			children = (
				858A59922B204FC2001643C7 /* User.swift */,
				85ADCD142B1A33120012B284 /* UserManager.swift */,
			);
			path = User;
			sourceTree = "<group>";
		};
		E74147FE1644E5C80FD771C0 /* Pods */ = {
			isa = PBXGroup;
			children = (
				8E1AF28A53AE24878B1537DC /* Pods-Google_Map_Storyboard.debug.xcconfig */,
				033E9B750FC1C6FA43334C1A /* Pods-Google_Map_Storyboard.release.xcconfig */,
			);
			path = Pods;
			sourceTree = "<group>";
		};
/* End PBXGroup section */

/* Begin PBXNativeTarget section */
		852562412AF8C6B500D6AC9D /* Google_Map_Storyboard */ = {
			isa = PBXNativeTarget;
			buildConfigurationList = 852562562AF8C6B600D6AC9D /* Build configuration list for PBXNativeTarget "Google_Map_Storyboard" */;
			buildPhases = (
				4C2CF5BEFAE26B5B3AFA7160 /* [CP] Check Pods Manifest.lock */,
				8525623E2AF8C6B500D6AC9D /* Sources */,
				8525623F2AF8C6B500D6AC9D /* Frameworks */,
				852562402AF8C6B500D6AC9D /* Resources */,
				B72043116D5667A54639949F /* [CP] Copy Pods Resources */,
				8FBB312889ED286644A53F87 /* [CP] Embed Pods Frameworks */,
			);
			buildRules = (
			);
			dependencies = (
			);
			name = Google_Map_Storyboard;
			productName = Google_Map_Storyboard;
			productReference = 852562422AF8C6B500D6AC9D /* Google_Map_Storyboard.app */;
			productType = "com.apple.product-type.application";
		};
/* End PBXNativeTarget section */

/* Begin PBXProject section */
		8525623A2AF8C6B500D6AC9D /* Project object */ = {
			isa = PBXProject;
			attributes = {
				BuildIndependentTargetsInParallel = 1;
				LastSwiftUpdateCheck = 1500;
				LastUpgradeCheck = 1500;
				TargetAttributes = {
					852562412AF8C6B500D6AC9D = {
						CreatedOnToolsVersion = 15.0;
					};
				};
			};
			buildConfigurationList = 8525623D2AF8C6B500D6AC9D /* Build configuration list for PBXProject "Google_Map_Storyboard" */;
			compatibilityVersion = "Xcode 14.0";
			developmentRegion = en;
			hasScannedForEncodings = 0;
			knownRegions = (
				en,
				Base,
			);
			mainGroup = 852562392AF8C6B500D6AC9D;
			productRefGroup = 852562432AF8C6B500D6AC9D /* Products */;
			projectDirPath = "";
			projectRoot = "";
			targets = (
				852562412AF8C6B500D6AC9D /* Google_Map_Storyboard */,
			);
		};
/* End PBXProject section */

/* Begin PBXResourcesBuildPhase section */
		852562402AF8C6B500D6AC9D /* Resources */ = {
			isa = PBXResourcesBuildPhase;
			buildActionMask = 2147483647;
			files = (
				85691AED2B19E5B7006D5148 /* Auth.storyboard in Resources */,
				852562522AF8C6B600D6AC9D /* LaunchScreen.storyboard in Resources */,
				8525624F2AF8C6B600D6AC9D /* Assets.xcassets in Resources */,
				8525624D2AF8C6B500D6AC9D /* Main.storyboard in Resources */,
			);
			runOnlyForDeploymentPostprocessing = 0;
		};
/* End PBXResourcesBuildPhase section */

/* Begin PBXShellScriptBuildPhase section */
		4C2CF5BEFAE26B5B3AFA7160 /* [CP] Check Pods Manifest.lock */ = {
			isa = PBXShellScriptBuildPhase;
			buildActionMask = 2147483647;
			files = (
			);
			inputFileListPaths = (
			);
			inputPaths = (
				"${PODS_PODFILE_DIR_PATH}/Podfile.lock",
				"${PODS_ROOT}/Manifest.lock",
			);
			name = "[CP] Check Pods Manifest.lock";
			outputFileListPaths = (
			);
			outputPaths = (
				"$(DERIVED_FILE_DIR)/Pods-Google_Map_Storyboard-checkManifestLockResult.txt",
			);
			runOnlyForDeploymentPostprocessing = 0;
			shellPath = /bin/sh;
			shellScript = "diff \"${PODS_PODFILE_DIR_PATH}/Podfile.lock\" \"${PODS_ROOT}/Manifest.lock\" > /dev/null\nif [ $? != 0 ] ; then\n    # print error to STDERR\n    echo \"error: The sandbox is not in sync with the Podfile.lock. Run 'pod install' or update your CocoaPods installation.\" >&2\n    exit 1\nfi\n# This output is used by Xcode 'outputs' to avoid re-running this script phase.\necho \"SUCCESS\" > \"${SCRIPT_OUTPUT_FILE_0}\"\n";
			showEnvVarsInLog = 0;
		};
		8FBB312889ED286644A53F87 /* [CP] Embed Pods Frameworks */ = {
			isa = PBXShellScriptBuildPhase;
			buildActionMask = 2147483647;
			files = (
			);
			inputFileListPaths = (
				"${PODS_ROOT}/Target Support Files/Pods-Google_Map_Storyboard/Pods-Google_Map_Storyboard-frameworks-${CONFIGURATION}-input-files.xcfilelist",
			);
			name = "[CP] Embed Pods Frameworks";
			outputFileListPaths = (
				"${PODS_ROOT}/Target Support Files/Pods-Google_Map_Storyboard/Pods-Google_Map_Storyboard-frameworks-${CONFIGURATION}-output-files.xcfilelist",
			);
			runOnlyForDeploymentPostprocessing = 0;
			shellPath = /bin/sh;
			shellScript = "\"${PODS_ROOT}/Target Support Files/Pods-Google_Map_Storyboard/Pods-Google_Map_Storyboard-frameworks.sh\"\n";
			showEnvVarsInLog = 0;
		};
		B72043116D5667A54639949F /* [CP] Copy Pods Resources */ = {
			isa = PBXShellScriptBuildPhase;
			buildActionMask = 2147483647;
			files = (
			);
			inputFileListPaths = (
				"${PODS_ROOT}/Target Support Files/Pods-Google_Map_Storyboard/Pods-Google_Map_Storyboard-resources-${CONFIGURATION}-input-files.xcfilelist",
			);
			name = "[CP] Copy Pods Resources";
			outputFileListPaths = (
				"${PODS_ROOT}/Target Support Files/Pods-Google_Map_Storyboard/Pods-Google_Map_Storyboard-resources-${CONFIGURATION}-output-files.xcfilelist",
			);
			runOnlyForDeploymentPostprocessing = 0;
			shellPath = /bin/sh;
			shellScript = "\"${PODS_ROOT}/Target Support Files/Pods-Google_Map_Storyboard/Pods-Google_Map_Storyboard-resources.sh\"\n";
			showEnvVarsInLog = 0;
		};
/* End PBXShellScriptBuildPhase section */

/* Begin PBXSourcesBuildPhase section */
		8525623E2AF8C6B500D6AC9D /* Sources */ = {
			isa = PBXSourcesBuildPhase;
			buildActionMask = 2147483647;
			files = (
				8506BC952B1E2BA40058D1D4 /* AppCoordinator.swift in Sources */,
				85A27A732B0F7F480066DA0F /* RealmError.swift in Sources */,
				85FC671E2B0B8E3500775011 /* LoginViewController.swift in Sources */,
				8506BC992B1E2C520058D1D4 /* RegisterViewController.swift in Sources */,
				85ADCD152B1A33120012B284 /* UserManager.swift in Sources */,
				85ADCD082B1A31830012B284 /* BaseCoordinator.swift in Sources */,
				8506BC932B1E2B100058D1D4 /* AuthCoordinator.swift in Sources */,
				85691AEF2B19E626006D5148 /* ForgotPasswordViewController.swift in Sources */,
				85ADCD0E2B1A31F90012B284 /* ExtensionUIStoryboard.swift in Sources */,
				858A59952B205015001643C7 /* UserRealmObject.swift in Sources */,
				8506BC972B1E2BD20058D1D4 /* MainCoordinator.swift in Sources */,
				854254122B1A06D100E21D4E /* MainViewController.swift in Sources */,
				8525624A2AF8C6B500D6AC9D /* MapViewController.swift in Sources */,
				8506BC852B1DFCCA0058D1D4 /* ShowStyle.swift in Sources */,
				85A27A712B0F7CE80066DA0F /* RealmServise.swift in Sources */,
				85A27A6A2B0F7C000066DA0F /* DataBaseLocationProtocol.swift in Sources */,
				852562462AF8C6B500D6AC9D /* AppDelegate.swift in Sources */,
				858A59932B204FC2001643C7 /* User.swift in Sources */,
				85ADCD0A2B1A31B60012B284 /* BaseRouter.swift in Sources */,
				85ADCD102B1A32310012B284 /* ExtensionUIWindow.swift in Sources */,
				8526F9C02B06869B00F1431F /* MapStyleJSON.swift in Sources */,
				858A59972B205081001643C7 /* DataBaseAuthProtocol.swift in Sources */,
				85A27A6F2B0F7C950066DA0F /* PathRealmObject.swift in Sources */,
				852562482AF8C6B500D6AC9D /* SceneDelegate.swift in Sources */,
				85A27A6D2B0F7C630066DA0F /* LocationRealmObject.swift in Sources */,
				85ADCD122B1A32720012B284 /* AuthRouter.swift in Sources */,
				85ADCD0C2B1A31E40012B284 /* StoryboardIdentifiable.swift in Sources */,
			);
			runOnlyForDeploymentPostprocessing = 0;
		};
/* End PBXSourcesBuildPhase section */

/* Begin PBXVariantGroup section */
		8525624B2AF8C6B500D6AC9D /* Main.storyboard */ = {
			isa = PBXVariantGroup;
			children = (
				8525624C2AF8C6B500D6AC9D /* Base */,
			);
			name = Main.storyboard;
			sourceTree = "<group>";
		};
		852562502AF8C6B600D6AC9D /* LaunchScreen.storyboard */ = {
			isa = PBXVariantGroup;
			children = (
				852562512AF8C6B600D6AC9D /* Base */,
			);
			name = LaunchScreen.storyboard;
			sourceTree = "<group>";
		};
/* End PBXVariantGroup section */

/* Begin XCBuildConfiguration section */
		852562542AF8C6B600D6AC9D /* Debug */ = {
			isa = XCBuildConfiguration;
			buildSettings = {
				ALWAYS_SEARCH_USER_PATHS = NO;
				ASSETCATALOG_COMPILER_GENERATE_SWIFT_ASSET_SYMBOL_EXTENSIONS = YES;
				CLANG_ANALYZER_NONNULL = YES;
				CLANG_ANALYZER_NUMBER_OBJECT_CONVERSION = YES_AGGRESSIVE;
				CLANG_CXX_LANGUAGE_STANDARD = "gnu++20";
				CLANG_ENABLE_MODULES = YES;
				CLANG_ENABLE_OBJC_ARC = YES;
				CLANG_ENABLE_OBJC_WEAK = YES;
				CLANG_WARN_BLOCK_CAPTURE_AUTORELEASING = YES;
				CLANG_WARN_BOOL_CONVERSION = YES;
				CLANG_WARN_COMMA = YES;
				CLANG_WARN_CONSTANT_CONVERSION = YES;
				CLANG_WARN_DEPRECATED_OBJC_IMPLEMENTATIONS = YES;
				CLANG_WARN_DIRECT_OBJC_ISA_USAGE = YES_ERROR;
				CLANG_WARN_DOCUMENTATION_COMMENTS = YES;
				CLANG_WARN_EMPTY_BODY = YES;
				CLANG_WARN_ENUM_CONVERSION = YES;
				CLANG_WARN_INFINITE_RECURSION = YES;
				CLANG_WARN_INT_CONVERSION = YES;
				CLANG_WARN_NON_LITERAL_NULL_CONVERSION = YES;
				CLANG_WARN_OBJC_IMPLICIT_RETAIN_SELF = YES;
				CLANG_WARN_OBJC_LITERAL_CONVERSION = YES;
				CLANG_WARN_OBJC_ROOT_CLASS = YES_ERROR;
				CLANG_WARN_QUOTED_INCLUDE_IN_FRAMEWORK_HEADER = YES;
				CLANG_WARN_RANGE_LOOP_ANALYSIS = YES;
				CLANG_WARN_STRICT_PROTOTYPES = YES;
				CLANG_WARN_SUSPICIOUS_MOVE = YES;
				CLANG_WARN_UNGUARDED_AVAILABILITY = YES_AGGRESSIVE;
				CLANG_WARN_UNREACHABLE_CODE = YES;
				CLANG_WARN__DUPLICATE_METHOD_MATCH = YES;
				COPY_PHASE_STRIP = NO;
				DEBUG_INFORMATION_FORMAT = dwarf;
				ENABLE_STRICT_OBJC_MSGSEND = YES;
				ENABLE_TESTABILITY = YES;
				ENABLE_USER_SCRIPT_SANDBOXING = NO;
				GCC_C_LANGUAGE_STANDARD = gnu17;
				GCC_DYNAMIC_NO_PIC = NO;
				GCC_NO_COMMON_BLOCKS = YES;
				GCC_OPTIMIZATION_LEVEL = 0;
				GCC_PREPROCESSOR_DEFINITIONS = (
					"DEBUG=1",
					"$(inherited)",
				);
				GCC_WARN_64_TO_32_BIT_CONVERSION = YES;
				GCC_WARN_ABOUT_RETURN_TYPE = YES_ERROR;
				GCC_WARN_UNDECLARED_SELECTOR = YES;
				GCC_WARN_UNINITIALIZED_AUTOS = YES_AGGRESSIVE;
				GCC_WARN_UNUSED_FUNCTION = YES;
				GCC_WARN_UNUSED_VARIABLE = YES;
				IPHONEOS_DEPLOYMENT_TARGET = 17.0;
				LOCALIZATION_PREFERS_STRING_CATALOGS = YES;
				MTL_ENABLE_DEBUG_INFO = INCLUDE_SOURCE;
				MTL_FAST_MATH = YES;
				ONLY_ACTIVE_ARCH = YES;
				SDKROOT = iphoneos;
				SWIFT_ACTIVE_COMPILATION_CONDITIONS = "DEBUG $(inherited)";
				SWIFT_OPTIMIZATION_LEVEL = "-Onone";
			};
			name = Debug;
		};
		852562552AF8C6B600D6AC9D /* Release */ = {
			isa = XCBuildConfiguration;
			buildSettings = {
				ALWAYS_SEARCH_USER_PATHS = NO;
				ASSETCATALOG_COMPILER_GENERATE_SWIFT_ASSET_SYMBOL_EXTENSIONS = YES;
				CLANG_ANALYZER_NONNULL = YES;
				CLANG_ANALYZER_NUMBER_OBJECT_CONVERSION = YES_AGGRESSIVE;
				CLANG_CXX_LANGUAGE_STANDARD = "gnu++20";
				CLANG_ENABLE_MODULES = YES;
				CLANG_ENABLE_OBJC_ARC = YES;
				CLANG_ENABLE_OBJC_WEAK = YES;
				CLANG_WARN_BLOCK_CAPTURE_AUTORELEASING = YES;
				CLANG_WARN_BOOL_CONVERSION = YES;
				CLANG_WARN_COMMA = YES;
				CLANG_WARN_CONSTANT_CONVERSION = YES;
				CLANG_WARN_DEPRECATED_OBJC_IMPLEMENTATIONS = YES;
				CLANG_WARN_DIRECT_OBJC_ISA_USAGE = YES_ERROR;
				CLANG_WARN_DOCUMENTATION_COMMENTS = YES;
				CLANG_WARN_EMPTY_BODY = YES;
				CLANG_WARN_ENUM_CONVERSION = YES;
				CLANG_WARN_INFINITE_RECURSION = YES;
				CLANG_WARN_INT_CONVERSION = YES;
				CLANG_WARN_NON_LITERAL_NULL_CONVERSION = YES;
				CLANG_WARN_OBJC_IMPLICIT_RETAIN_SELF = YES;
				CLANG_WARN_OBJC_LITERAL_CONVERSION = YES;
				CLANG_WARN_OBJC_ROOT_CLASS = YES_ERROR;
				CLANG_WARN_QUOTED_INCLUDE_IN_FRAMEWORK_HEADER = YES;
				CLANG_WARN_RANGE_LOOP_ANALYSIS = YES;
				CLANG_WARN_STRICT_PROTOTYPES = YES;
				CLANG_WARN_SUSPICIOUS_MOVE = YES;
				CLANG_WARN_UNGUARDED_AVAILABILITY = YES_AGGRESSIVE;
				CLANG_WARN_UNREACHABLE_CODE = YES;
				CLANG_WARN__DUPLICATE_METHOD_MATCH = YES;
				COPY_PHASE_STRIP = NO;
				DEBUG_INFORMATION_FORMAT = "dwarf-with-dsym";
				ENABLE_NS_ASSERTIONS = NO;
				ENABLE_STRICT_OBJC_MSGSEND = YES;
				ENABLE_USER_SCRIPT_SANDBOXING = NO;
				GCC_C_LANGUAGE_STANDARD = gnu17;
				GCC_NO_COMMON_BLOCKS = YES;
				GCC_WARN_64_TO_32_BIT_CONVERSION = YES;
				GCC_WARN_ABOUT_RETURN_TYPE = YES_ERROR;
				GCC_WARN_UNDECLARED_SELECTOR = YES;
				GCC_WARN_UNINITIALIZED_AUTOS = YES_AGGRESSIVE;
				GCC_WARN_UNUSED_FUNCTION = YES;
				GCC_WARN_UNUSED_VARIABLE = YES;
				IPHONEOS_DEPLOYMENT_TARGET = 17.0;
				LOCALIZATION_PREFERS_STRING_CATALOGS = YES;
				MTL_ENABLE_DEBUG_INFO = NO;
				MTL_FAST_MATH = YES;
				SDKROOT = iphoneos;
				SWIFT_COMPILATION_MODE = wholemodule;
				VALIDATE_PRODUCT = YES;
			};
			name = Release;
		};
		852562572AF8C6B600D6AC9D /* Debug */ = {
			isa = XCBuildConfiguration;
			baseConfigurationReference = 8E1AF28A53AE24878B1537DC /* Pods-Google_Map_Storyboard.debug.xcconfig */;
			buildSettings = {
				ASSETCATALOG_COMPILER_APPICON_NAME = AppIcon;
				ASSETCATALOG_COMPILER_GLOBAL_ACCENT_COLOR_NAME = AccentColor;
				CODE_SIGN_STYLE = Automatic;
				CURRENT_PROJECT_VERSION = 1;
				DEVELOPMENT_TEAM = LFLMJ46Z7V;
				GENERATE_INFOPLIST_FILE = YES;
				INFOPLIST_FILE = Google_Map_Storyboard/Resources/Info.plist;
				INFOPLIST_KEY_NSLocationAlwaysAndWhenInUseUsageDescription = "Для определения вашей геолокации нам необходим доступ к вашему местоположению.";
				INFOPLIST_KEY_NSLocationAlwaysUsageDescription = "Для определения вашей геолокации нам необходим доступ к вашему местоположению.";
				INFOPLIST_KEY_NSLocationWhenInUseUsageDescription = "Для определения вашей геолокации нам необходим доступ к вашему местоположению.";
				INFOPLIST_KEY_UIApplicationSupportsIndirectInputEvents = YES;
				INFOPLIST_KEY_UILaunchStoryboardName = LaunchScreen;
				INFOPLIST_KEY_UIMainStoryboardFile = Auth;
				INFOPLIST_KEY_UISupportedInterfaceOrientations_iPad = "UIInterfaceOrientationPortrait UIInterfaceOrientationPortraitUpsideDown UIInterfaceOrientationLandscapeLeft UIInterfaceOrientationLandscapeRight";
				INFOPLIST_KEY_UISupportedInterfaceOrientations_iPhone = "UIInterfaceOrientationPortrait UIInterfaceOrientationLandscapeLeft UIInterfaceOrientationLandscapeRight";
				LD_RUNPATH_SEARCH_PATHS = (
					"$(inherited)",
					"@executable_path/Frameworks",
				);
				MARKETING_VERSION = 1.0;
				PRODUCT_BUNDLE_IDENTIFIER = "Alex-Makey.Google-Map-Storyboard";
				PRODUCT_NAME = "$(TARGET_NAME)";
				SWIFT_EMIT_LOC_STRINGS = YES;
				SWIFT_VERSION = 5.0;
				TARGETED_DEVICE_FAMILY = "1,2";
			};
			name = Debug;
		};
		852562582AF8C6B600D6AC9D /* Release */ = {
			isa = XCBuildConfiguration;
			baseConfigurationReference = 033E9B750FC1C6FA43334C1A /* Pods-Google_Map_Storyboard.release.xcconfig */;
			buildSettings = {
				ASSETCATALOG_COMPILER_APPICON_NAME = AppIcon;
				ASSETCATALOG_COMPILER_GLOBAL_ACCENT_COLOR_NAME = AccentColor;
				CODE_SIGN_STYLE = Automatic;
				CURRENT_PROJECT_VERSION = 1;
				DEVELOPMENT_TEAM = LFLMJ46Z7V;
				GENERATE_INFOPLIST_FILE = YES;
				INFOPLIST_FILE = Google_Map_Storyboard/Resources/Info.plist;
				INFOPLIST_KEY_NSLocationAlwaysAndWhenInUseUsageDescription = "Для определения вашей геолокации нам необходим доступ к вашему местоположению.";
				INFOPLIST_KEY_NSLocationAlwaysUsageDescription = "Для определения вашей геолокации нам необходим доступ к вашему местоположению.";
				INFOPLIST_KEY_NSLocationWhenInUseUsageDescription = "Для определения вашей геолокации нам необходим доступ к вашему местоположению.";
				INFOPLIST_KEY_UIApplicationSupportsIndirectInputEvents = YES;
				INFOPLIST_KEY_UILaunchStoryboardName = LaunchScreen;
				INFOPLIST_KEY_UIMainStoryboardFile = Auth;
				INFOPLIST_KEY_UISupportedInterfaceOrientations_iPad = "UIInterfaceOrientationPortrait UIInterfaceOrientationPortraitUpsideDown UIInterfaceOrientationLandscapeLeft UIInterfaceOrientationLandscapeRight";
				INFOPLIST_KEY_UISupportedInterfaceOrientations_iPhone = "UIInterfaceOrientationPortrait UIInterfaceOrientationLandscapeLeft UIInterfaceOrientationLandscapeRight";
				LD_RUNPATH_SEARCH_PATHS = (
					"$(inherited)",
					"@executable_path/Frameworks",
				);
				MARKETING_VERSION = 1.0;
				PRODUCT_BUNDLE_IDENTIFIER = "Alex-Makey.Google-Map-Storyboard";
				PRODUCT_NAME = "$(TARGET_NAME)";
				SWIFT_EMIT_LOC_STRINGS = YES;
				SWIFT_VERSION = 5.0;
				TARGETED_DEVICE_FAMILY = "1,2";
			};
			name = Release;
		};
/* End XCBuildConfiguration section */

/* Begin XCConfigurationList section */
		8525623D2AF8C6B500D6AC9D /* Build configuration list for PBXProject "Google_Map_Storyboard" */ = {
			isa = XCConfigurationList;
			buildConfigurations = (
				852562542AF8C6B600D6AC9D /* Debug */,
				852562552AF8C6B600D6AC9D /* Release */,
			);
			defaultConfigurationIsVisible = 0;
			defaultConfigurationName = Release;
		};
		852562562AF8C6B600D6AC9D /* Build configuration list for PBXNativeTarget "Google_Map_Storyboard" */ = {
			isa = XCConfigurationList;
			buildConfigurations = (
				852562572AF8C6B600D6AC9D /* Debug */,
				852562582AF8C6B600D6AC9D /* Release */,
			);
			defaultConfigurationIsVisible = 0;
			defaultConfigurationName = Release;
		};
/* End XCConfigurationList section */
	};
	rootObject = 8525623A2AF8C6B500D6AC9D /* Project object */;
}
